
Microsoft Visual Studio Solution File, Format Version 12.00
# Visual Studio 14
VisualStudioVersion = 14.0.25420.1
MinimumVisualStudioVersion = 10.0.40219.1
Project("{FAE04EC0-301F-11D3-BF4B-00C04F79EFBC}") = "FormsCrossPlatform.Droid", "FormsCrossPlatform\FormsCrossPlatform.Droid\FormsCrossPlatform.Droid.csproj", "{4F1E07CB-6206-488B-9F61-90B6650C42B5}"
EndProject
Project("{FAE04EC0-301F-11D3-BF4B-00C04F79EFBC}") = "FormsCrossPlatform.iOS", "FormsCrossPlatform\FormsCrossPlatform.iOS\FormsCrossPlatform.iOS.csproj", "{743E66D6-801F-4AF2-AAD1-90AADA12BD33}"
EndProject
Project("{FAE04EC0-301F-11D3-BF4B-00C04F79EFBC}") = "FormsCrossPlatform.WinPhone", "FormsCrossPlatform\FormsCrossPlatform.WinPhone\FormsCrossPlatform.WinPhone.csproj", "{90769D0F-5BF1-49C4-BB2B-8D7991394F8F}"
EndProject
Project("{FAE04EC0-301F-11D3-BF4B-00C04F79EFBC}") = "FormsCrossPlatform.UWP", "FormsCrossPlatform\FormsCrossPlatform.UWP\FormsCrossPlatform.UWP.csproj", "{9C0B4204-0089-4A17-882C-3D02565F5136}"
EndProject
Project("{FAE04EC0-301F-11D3-BF4B-00C04F79EFBC}") = "FormsCrossPlatform.Windows", "FormsCrossPlatform\FormsCrossPlatform.Windows\FormsCrossPlatform.Windows.csproj", "{94EE6936-3166-4D49-B7EE-0D9C7CAFC0E3}"
EndProject
Project("{FAE04EC0-301F-11D3-BF4B-00C04F79EFBC}") = "FormsCrossPlatform", "FormsCrossPlatform\FormsCrossPlatform\FormsCrossPlatform.csproj", "{09952504-DD43-4230-936B-914ACD560926}"
EndProject
Project("{FAE04EC0-301F-11D3-BF4B-00C04F79EFBC}") = "FormsCrossPlatform.ViewModels", "FormsCrossPlatform\FormsCrossPlatform.ViewModels\FormsCrossPlatform.ViewModels.csproj", "{8E15A6EC-1600-4107-BB97-9726946BCFA4}"
EndProject
Project("{FAE04EC0-301F-11D3-BF4B-00C04F79EFBC}") = "FormsCrossPlatform.UnitTest", "FormsCrossPlatform\FormsCrossPlatform.UnitTest\FormsCrossPlatform.UnitTest.csproj", "{EE3BA437-D4C0-4147-8508-BF559545732E}"
EndProject
Global
	GlobalSection(SolutionConfigurationPlatforms) = preSolution
		Ad-Hoc|Any CPU = Ad-Hoc|Any CPU
		Ad-Hoc|ARM = Ad-Hoc|ARM
		Ad-Hoc|iPhone = Ad-Hoc|iPhone
		Ad-Hoc|iPhoneSimulator = Ad-Hoc|iPhoneSimulator
		Ad-Hoc|x64 = Ad-Hoc|x64
		Ad-Hoc|x86 = Ad-Hoc|x86
		AppStore|Any CPU = AppStore|Any CPU
		AppStore|ARM = AppStore|ARM
		AppStore|iPhone = AppStore|iPhone
		AppStore|iPhoneSimulator = AppStore|iPhoneSimulator
		AppStore|x64 = AppStore|x64
		AppStore|x86 = AppStore|x86
		Debug|Any CPU = Debug|Any CPU
		Debug|ARM = Debug|ARM
		Debug|iPhone = Debug|iPhone
		Debug|iPhoneSimulator = Debug|iPhoneSimulator
		Debug|x64 = Debug|x64
		Debug|x86 = Debug|x86
		Release|Any CPU = Release|Any CPU
		Release|ARM = Release|ARM
		Release|iPhone = Release|iPhone
		Release|iPhoneSimulator = Release|iPhoneSimulator
		Release|x64 = Release|x64
		Release|x86 = Release|x86
	EndGlobalSection
	GlobalSection(ProjectConfigurationPlatforms) = postSolution
		{4F1E07CB-6206-488B-9F61-90B6650C42B5}.Ad-Hoc|Any CPU.ActiveCfg = Release|Any CPU
		{4F1E07CB-6206-488B-9F61-90B6650C42B5}.Ad-Hoc|Any CPU.Build.0 = Release|Any CPU
		{4F1E07CB-6206-488B-9F61-90B6650C42B5}.Ad-Hoc|Any CPU.Deploy.0 = Release|Any CPU
		{4F1E07CB-6206-488B-9F61-90B6650C42B5}.Ad-Hoc|ARM.ActiveCfg = Release|Any CPU
		{4F1E07CB-6206-488B-9F61-90B6650C42B5}.Ad-Hoc|ARM.Build.0 = Release|Any CPU
		{4F1E07CB-6206-488B-9F61-90B6650C42B5}.Ad-Hoc|ARM.Deploy.0 = Release|Any CPU
		{4F1E07CB-6206-488B-9F61-90B6650C42B5}.Ad-Hoc|iPhone.ActiveCfg = Release|Any CPU
		{4F1E07CB-6206-488B-9F61-90B6650C42B5}.Ad-Hoc|iPhone.Build.0 = Release|Any CPU
		{4F1E07CB-6206-488B-9F61-90B6650C42B5}.Ad-Hoc|iPhone.Deploy.0 = Release|Any CPU
		{4F1E07CB-6206-488B-9F61-90B6650C42B5}.Ad-Hoc|iPhoneSimulator.ActiveCfg = Release|Any CPU
		{4F1E07CB-6206-488B-9F61-90B6650C42B5}.Ad-Hoc|iPhoneSimulator.Build.0 = Release|Any CPU
		{4F1E07CB-6206-488B-9F61-90B6650C42B5}.Ad-Hoc|iPhoneSimulator.Deploy.0 = Release|Any CPU
		{4F1E07CB-6206-488B-9F61-90B6650C42B5}.Ad-Hoc|x64.ActiveCfg = Release|Any CPU
		{4F1E07CB-6206-488B-9F61-90B6650C42B5}.Ad-Hoc|x64.Build.0 = Release|Any CPU
		{4F1E07CB-6206-488B-9F61-90B6650C42B5}.Ad-Hoc|x64.Deploy.0 = Release|Any CPU
		{4F1E07CB-6206-488B-9F61-90B6650C42B5}.Ad-Hoc|x86.ActiveCfg = Release|Any CPU
		{4F1E07CB-6206-488B-9F61-90B6650C42B5}.Ad-Hoc|x86.Build.0 = Release|Any CPU
		{4F1E07CB-6206-488B-9F61-90B6650C42B5}.Ad-Hoc|x86.Deploy.0 = Release|Any CPU
		{4F1E07CB-6206-488B-9F61-90B6650C42B5}.AppStore|Any CPU.ActiveCfg = Release|Any CPU
		{4F1E07CB-6206-488B-9F61-90B6650C42B5}.AppStore|Any CPU.Build.0 = Release|Any CPU
		{4F1E07CB-6206-488B-9F61-90B6650C42B5}.AppStore|Any CPU.Deploy.0 = Release|Any CPU
		{4F1E07CB-6206-488B-9F61-90B6650C42B5}.AppStore|ARM.ActiveCfg = Release|Any CPU
		{4F1E07CB-6206-488B-9F61-90B6650C42B5}.AppStore|ARM.Build.0 = Release|Any CPU
		{4F1E07CB-6206-488B-9F61-90B6650C42B5}.AppStore|ARM.Deploy.0 = Release|Any CPU
		{4F1E07CB-6206-488B-9F61-90B6650C42B5}.AppStore|iPhone.ActiveCfg = Release|Any CPU
		{4F1E07CB-6206-488B-9F61-90B6650C42B5}.AppStore|iPhone.Build.0 = Release|Any CPU
		{4F1E07CB-6206-488B-9F61-90B6650C42B5}.AppStore|iPhone.Deploy.0 = Release|Any CPU
		{4F1E07CB-6206-488B-9F61-90B6650C42B5}.AppStore|iPhoneSimulator.ActiveCfg = Release|Any CPU
		{4F1E07CB-6206-488B-9F61-90B6650C42B5}.AppStore|iPhoneSimulator.Build.0 = Release|Any CPU
		{4F1E07CB-6206-488B-9F61-90B6650C42B5}.AppStore|iPhoneSimulator.Deploy.0 = Release|Any CPU
		{4F1E07CB-6206-488B-9F61-90B6650C42B5}.AppStore|x64.ActiveCfg = Release|Any CPU
		{4F1E07CB-6206-488B-9F61-90B6650C42B5}.AppStore|x64.Build.0 = Release|Any CPU
		{4F1E07CB-6206-488B-9F61-90B6650C42B5}.AppStore|x64.Deploy.0 = Release|Any CPU
		{4F1E07CB-6206-488B-9F61-90B6650C42B5}.AppStore|x86.ActiveCfg = Release|Any CPU
		{4F1E07CB-6206-488B-9F61-90B6650C42B5}.AppStore|x86.Build.0 = Release|Any CPU
		{4F1E07CB-6206-488B-9F61-90B6650C42B5}.AppStore|x86.Deploy.0 = Release|Any CPU
		{4F1E07CB-6206-488B-9F61-90B6650C42B5}.Debug|Any CPU.ActiveCfg = Debug|Any CPU
		{4F1E07CB-6206-488B-9F61-90B6650C42B5}.Debug|Any CPU.Build.0 = Debug|Any CPU
		{4F1E07CB-6206-488B-9F61-90B6650C42B5}.Debug|Any CPU.Deploy.0 = Debug|Any CPU
		{4F1E07CB-6206-488B-9F61-90B6650C42B5}.Debug|ARM.ActiveCfg = Debug|Any CPU
		{4F1E07CB-6206-488B-9F61-90B6650C42B5}.Debug|ARM.Build.0 = Debug|Any CPU
		{4F1E07CB-6206-488B-9F61-90B6650C42B5}.Debug|ARM.Deploy.0 = Debug|Any CPU
		{4F1E07CB-6206-488B-9F61-90B6650C42B5}.Debug|iPhone.ActiveCfg = Debug|Any CPU
		{4F1E07CB-6206-488B-9F61-90B6650C42B5}.Debug|iPhone.Build.0 = Debug|Any CPU
		{4F1E07CB-6206-488B-9F61-90B6650C42B5}.Debug|iPhone.Deploy.0 = Debug|Any CPU
		{4F1E07CB-6206-488B-9F61-90B6650C42B5}.Debug|iPhoneSimulator.ActiveCfg = Debug|Any CPU
		{4F1E07CB-6206-488B-9F61-90B6650C42B5}.Debug|iPhoneSimulator.Build.0 = Debug|Any CPU
		{4F1E07CB-6206-488B-9F61-90B6650C42B5}.Debug|iPhoneSimulator.Deploy.0 = Debug|Any CPU
		{4F1E07CB-6206-488B-9F61-90B6650C42B5}.Debug|x64.ActiveCfg = Debug|Any CPU
		{4F1E07CB-6206-488B-9F61-90B6650C42B5}.Debug|x64.Build.0 = Debug|Any CPU
		{4F1E07CB-6206-488B-9F61-90B6650C42B5}.Debug|x64.Deploy.0 = Debug|Any CPU
		{4F1E07CB-6206-488B-9F61-90B6650C42B5}.Debug|x86.ActiveCfg = Debug|Any CPU
		{4F1E07CB-6206-488B-9F61-90B6650C42B5}.Debug|x86.Build.0 = Debug|Any CPU
		{4F1E07CB-6206-488B-9F61-90B6650C42B5}.Debug|x86.Deploy.0 = Debug|Any CPU
		{4F1E07CB-6206-488B-9F61-90B6650C42B5}.Release|Any CPU.ActiveCfg = Release|Any CPU
		{4F1E07CB-6206-488B-9F61-90B6650C42B5}.Release|Any CPU.Build.0 = Release|Any CPU
		{4F1E07CB-6206-488B-9F61-90B6650C42B5}.Release|Any CPU.Deploy.0 = Release|Any CPU
		{4F1E07CB-6206-488B-9F61-90B6650C42B5}.Release|ARM.ActiveCfg = Release|Any CPU
		{4F1E07CB-6206-488B-9F61-90B6650C42B5}.Release|ARM.Build.0 = Release|Any CPU
		{4F1E07CB-6206-488B-9F61-90B6650C42B5}.Release|ARM.Deploy.0 = Release|Any CPU
		{4F1E07CB-6206-488B-9F61-90B6650C42B5}.Release|iPhone.ActiveCfg = Release|Any CPU
		{4F1E07CB-6206-488B-9F61-90B6650C42B5}.Release|iPhone.Build.0 = Release|Any CPU
		{4F1E07CB-6206-488B-9F61-90B6650C42B5}.Release|iPhone.Deploy.0 = Release|Any CPU
		{4F1E07CB-6206-488B-9F61-90B6650C42B5}.Release|iPhoneSimulator.ActiveCfg = Release|Any CPU
		{4F1E07CB-6206-488B-9F61-90B6650C42B5}.Release|iPhoneSimulator.Build.0 = Release|Any CPU
		{4F1E07CB-6206-488B-9F61-90B6650C42B5}.Release|iPhoneSimulator.Deploy.0 = Release|Any CPU
		{4F1E07CB-6206-488B-9F61-90B6650C42B5}.Release|x64.ActiveCfg = Release|Any CPU
		{4F1E07CB-6206-488B-9F61-90B6650C42B5}.Release|x64.Build.0 = Release|Any CPU
		{4F1E07CB-6206-488B-9F61-90B6650C42B5}.Release|x64.Deploy.0 = Release|Any CPU
		{4F1E07CB-6206-488B-9F61-90B6650C42B5}.Release|x86.ActiveCfg = Release|Any CPU
		{4F1E07CB-6206-488B-9F61-90B6650C42B5}.Release|x86.Build.0 = Release|Any CPU
		{4F1E07CB-6206-488B-9F61-90B6650C42B5}.Release|x86.Deploy.0 = Release|Any CPU
		{743E66D6-801F-4AF2-AAD1-90AADA12BD33}.Ad-Hoc|Any CPU.ActiveCfg = Ad-Hoc|iPhone
		{743E66D6-801F-4AF2-AAD1-90AADA12BD33}.Ad-Hoc|ARM.ActiveCfg = Ad-Hoc|iPhone
		{743E66D6-801F-4AF2-AAD1-90AADA12BD33}.Ad-Hoc|iPhone.ActiveCfg = Ad-Hoc|iPhone
		{743E66D6-801F-4AF2-AAD1-90AADA12BD33}.Ad-Hoc|iPhone.Build.0 = Ad-Hoc|iPhone
		{743E66D6-801F-4AF2-AAD1-90AADA12BD33}.Ad-Hoc|iPhoneSimulator.ActiveCfg = Ad-Hoc|iPhoneSimulator
		{743E66D6-801F-4AF2-AAD1-90AADA12BD33}.Ad-Hoc|iPhoneSimulator.Build.0 = Ad-Hoc|iPhoneSimulator
		{743E66D6-801F-4AF2-AAD1-90AADA12BD33}.Ad-Hoc|x64.ActiveCfg = Ad-Hoc|iPhone
		{743E66D6-801F-4AF2-AAD1-90AADA12BD33}.Ad-Hoc|x86.ActiveCfg = Ad-Hoc|iPhone
		{743E66D6-801F-4AF2-AAD1-90AADA12BD33}.AppStore|Any CPU.ActiveCfg = AppStore|iPhone
		{743E66D6-801F-4AF2-AAD1-90AADA12BD33}.AppStore|ARM.ActiveCfg = AppStore|iPhone
		{743E66D6-801F-4AF2-AAD1-90AADA12BD33}.AppStore|iPhone.ActiveCfg = AppStore|iPhone
		{743E66D6-801F-4AF2-AAD1-90AADA12BD33}.AppStore|iPhone.Build.0 = AppStore|iPhone
		{743E66D6-801F-4AF2-AAD1-90AADA12BD33}.AppStore|iPhoneSimulator.ActiveCfg = AppStore|iPhoneSimulator
		{743E66D6-801F-4AF2-AAD1-90AADA12BD33}.AppStore|iPhoneSimulator.Build.0 = AppStore|iPhoneSimulator
		{743E66D6-801F-4AF2-AAD1-90AADA12BD33}.AppStore|x64.ActiveCfg = AppStore|iPhone
		{743E66D6-801F-4AF2-AAD1-90AADA12BD33}.AppStore|x86.ActiveCfg = AppStore|iPhone
		{743E66D6-801F-4AF2-AAD1-90AADA12BD33}.Debug|Any CPU.ActiveCfg = Debug|iPhone
		{743E66D6-801F-4AF2-AAD1-90AADA12BD33}.Debug|ARM.ActiveCfg = Debug|iPhone
		{743E66D6-801F-4AF2-AAD1-90AADA12BD33}.Debug|iPhone.ActiveCfg = Debug|iPhone
		{743E66D6-801F-4AF2-AAD1-90AADA12BD33}.Debug|iPhone.Build.0 = Debug|iPhone
		{743E66D6-801F-4AF2-AAD1-90AADA12BD33}.Debug|iPhoneSimulator.ActiveCfg = Debug|iPhoneSimulator
		{743E66D6-801F-4AF2-AAD1-90AADA12BD33}.Debug|iPhoneSimulator.Build.0 = Debug|iPhoneSimulator
		{743E66D6-801F-4AF2-AAD1-90AADA12BD33}.Debug|x64.ActiveCfg = Debug|iPhone
		{743E66D6-801F-4AF2-AAD1-90AADA12BD33}.Debug|x86.ActiveCfg = Debug|iPhone
		{743E66D6-801F-4AF2-AAD1-90AADA12BD33}.Release|Any CPU.ActiveCfg = Release|iPhone
		{743E66D6-801F-4AF2-AAD1-90AADA12BD33}.Release|ARM.ActiveCfg = Release|iPhone
		{743E66D6-801F-4AF2-AAD1-90AADA12BD33}.Release|iPhone.ActiveCfg = Release|iPhone
		{743E66D6-801F-4AF2-AAD1-90AADA12BD33}.Release|iPhone.Build.0 = Release|iPhone
		{743E66D6-801F-4AF2-AAD1-90AADA12BD33}.Release|iPhoneSimulator.ActiveCfg = Release|iPhoneSimulator
		{743E66D6-801F-4AF2-AAD1-90AADA12BD33}.Release|iPhoneSimulator.Build.0 = Release|iPhoneSimulator
		{743E66D6-801F-4AF2-AAD1-90AADA12BD33}.Release|x64.ActiveCfg = Release|iPhone
		{743E66D6-801F-4AF2-AAD1-90AADA12BD33}.Release|x86.ActiveCfg = Release|iPhone
		{90769D0F-5BF1-49C4-BB2B-8D7991394F8F}.Ad-Hoc|Any CPU.ActiveCfg = Release|Any CPU
		{90769D0F-5BF1-49C4-BB2B-8D7991394F8F}.Ad-Hoc|Any CPU.Build.0 = Release|Any CPU
		{90769D0F-5BF1-49C4-BB2B-8D7991394F8F}.Ad-Hoc|Any CPU.Deploy.0 = Release|Any CPU
		{90769D0F-5BF1-49C4-BB2B-8D7991394F8F}.Ad-Hoc|ARM.ActiveCfg = Release|ARM
		{90769D0F-5BF1-49C4-BB2B-8D7991394F8F}.Ad-Hoc|ARM.Build.0 = Release|ARM
		{90769D0F-5BF1-49C4-BB2B-8D7991394F8F}.Ad-Hoc|ARM.Deploy.0 = Release|ARM
		{90769D0F-5BF1-49C4-BB2B-8D7991394F8F}.Ad-Hoc|iPhone.ActiveCfg = Release|Any CPU
		{90769D0F-5BF1-49C4-BB2B-8D7991394F8F}.Ad-Hoc|iPhone.Build.0 = Release|Any CPU
		{90769D0F-5BF1-49C4-BB2B-8D7991394F8F}.Ad-Hoc|iPhone.Deploy.0 = Release|Any CPU
		{90769D0F-5BF1-49C4-BB2B-8D7991394F8F}.Ad-Hoc|iPhoneSimulator.ActiveCfg = Release|Any CPU
		{90769D0F-5BF1-49C4-BB2B-8D7991394F8F}.Ad-Hoc|iPhoneSimulator.Build.0 = Release|Any CPU
		{90769D0F-5BF1-49C4-BB2B-8D7991394F8F}.Ad-Hoc|iPhoneSimulator.Deploy.0 = Release|Any CPU
		{90769D0F-5BF1-49C4-BB2B-8D7991394F8F}.Ad-Hoc|x64.ActiveCfg = Release|Any CPU
		{90769D0F-5BF1-49C4-BB2B-8D7991394F8F}.Ad-Hoc|x64.Build.0 = Release|Any CPU
		{90769D0F-5BF1-49C4-BB2B-8D7991394F8F}.Ad-Hoc|x64.Deploy.0 = Release|Any CPU
		{90769D0F-5BF1-49C4-BB2B-8D7991394F8F}.Ad-Hoc|x86.ActiveCfg = Release|x86
		{90769D0F-5BF1-49C4-BB2B-8D7991394F8F}.Ad-Hoc|x86.Build.0 = Release|x86
		{90769D0F-5BF1-49C4-BB2B-8D7991394F8F}.Ad-Hoc|x86.Deploy.0 = Release|x86
		{90769D0F-5BF1-49C4-BB2B-8D7991394F8F}.AppStore|Any CPU.ActiveCfg = Release|Any CPU
		{90769D0F-5BF1-49C4-BB2B-8D7991394F8F}.AppStore|Any CPU.Build.0 = Release|Any CPU
		{90769D0F-5BF1-49C4-BB2B-8D7991394F8F}.AppStore|Any CPU.Deploy.0 = Release|Any CPU
		{90769D0F-5BF1-49C4-BB2B-8D7991394F8F}.AppStore|ARM.ActiveCfg = Release|ARM
		{90769D0F-5BF1-49C4-BB2B-8D7991394F8F}.AppStore|ARM.Build.0 = Release|ARM
		{90769D0F-5BF1-49C4-BB2B-8D7991394F8F}.AppStore|ARM.Deploy.0 = Release|ARM
		{90769D0F-5BF1-49C4-BB2B-8D7991394F8F}.AppStore|iPhone.ActiveCfg = Release|Any CPU
		{90769D0F-5BF1-49C4-BB2B-8D7991394F8F}.AppStore|iPhone.Build.0 = Release|Any CPU
		{90769D0F-5BF1-49C4-BB2B-8D7991394F8F}.AppStore|iPhone.Deploy.0 = Release|Any CPU
		{90769D0F-5BF1-49C4-BB2B-8D7991394F8F}.AppStore|iPhoneSimulator.ActiveCfg = Release|Any CPU
		{90769D0F-5BF1-49C4-BB2B-8D7991394F8F}.AppStore|iPhoneSimulator.Build.0 = Release|Any CPU
		{90769D0F-5BF1-49C4-BB2B-8D7991394F8F}.AppStore|iPhoneSimulator.Deploy.0 = Release|Any CPU
		{90769D0F-5BF1-49C4-BB2B-8D7991394F8F}.AppStore|x64.ActiveCfg = Release|Any CPU
		{90769D0F-5BF1-49C4-BB2B-8D7991394F8F}.AppStore|x64.Build.0 = Release|Any CPU
		{90769D0F-5BF1-49C4-BB2B-8D7991394F8F}.AppStore|x64.Deploy.0 = Release|Any CPU
		{90769D0F-5BF1-49C4-BB2B-8D7991394F8F}.AppStore|x86.ActiveCfg = Release|x86
		{90769D0F-5BF1-49C4-BB2B-8D7991394F8F}.AppStore|x86.Build.0 = Release|x86
		{90769D0F-5BF1-49C4-BB2B-8D7991394F8F}.AppStore|x86.Deploy.0 = Release|x86
		{90769D0F-5BF1-49C4-BB2B-8D7991394F8F}.Debug|Any CPU.ActiveCfg = Debug|Any CPU
		{90769D0F-5BF1-49C4-BB2B-8D7991394F8F}.Debug|Any CPU.Build.0 = Debug|Any CPU
		{90769D0F-5BF1-49C4-BB2B-8D7991394F8F}.Debug|Any CPU.Deploy.0 = Debug|Any CPU
		{90769D0F-5BF1-49C4-BB2B-8D7991394F8F}.Debug|ARM.ActiveCfg = Debug|ARM
		{90769D0F-5BF1-49C4-BB2B-8D7991394F8F}.Debug|ARM.Build.0 = Debug|ARM
		{90769D0F-5BF1-49C4-BB2B-8D7991394F8F}.Debug|ARM.Deploy.0 = Debug|ARM
		{90769D0F-5BF1-49C4-BB2B-8D7991394F8F}.Debug|iPhone.ActiveCfg = Debug|Any CPU
		{90769D0F-5BF1-49C4-BB2B-8D7991394F8F}.Debug|iPhone.Build.0 = Debug|Any CPU
		{90769D0F-5BF1-49C4-BB2B-8D7991394F8F}.Debug|iPhone.Deploy.0 = Debug|Any CPU
		{90769D0F-5BF1-49C4-BB2B-8D7991394F8F}.Debug|iPhoneSimulator.ActiveCfg = Debug|Any CPU
		{90769D0F-5BF1-49C4-BB2B-8D7991394F8F}.Debug|iPhoneSimulator.Build.0 = Debug|Any CPU
		{90769D0F-5BF1-49C4-BB2B-8D7991394F8F}.Debug|iPhoneSimulator.Deploy.0 = Debug|Any CPU
		{90769D0F-5BF1-49C4-BB2B-8D7991394F8F}.Debug|x64.ActiveCfg = Debug|Any CPU
		{90769D0F-5BF1-49C4-BB2B-8D7991394F8F}.Debug|x64.Build.0 = Debug|Any CPU
		{90769D0F-5BF1-49C4-BB2B-8D7991394F8F}.Debug|x64.Deploy.0 = Debug|Any CPU
		{90769D0F-5BF1-49C4-BB2B-8D7991394F8F}.Debug|x86.ActiveCfg = Debug|x86
		{90769D0F-5BF1-49C4-BB2B-8D7991394F8F}.Debug|x86.Build.0 = Debug|x86
		{90769D0F-5BF1-49C4-BB2B-8D7991394F8F}.Debug|x86.Deploy.0 = Debug|x86
		{90769D0F-5BF1-49C4-BB2B-8D7991394F8F}.Release|Any CPU.ActiveCfg = Release|Any CPU
		{90769D0F-5BF1-49C4-BB2B-8D7991394F8F}.Release|Any CPU.Build.0 = Release|Any CPU
		{90769D0F-5BF1-49C4-BB2B-8D7991394F8F}.Release|Any CPU.Deploy.0 = Release|Any CPU
		{90769D0F-5BF1-49C4-BB2B-8D7991394F8F}.Release|ARM.ActiveCfg = Release|ARM
		{90769D0F-5BF1-49C4-BB2B-8D7991394F8F}.Release|ARM.Build.0 = Release|ARM
		{90769D0F-5BF1-49C4-BB2B-8D7991394F8F}.Release|ARM.Deploy.0 = Release|ARM
		{90769D0F-5BF1-49C4-BB2B-8D7991394F8F}.Release|iPhone.ActiveCfg = Release|Any CPU
		{90769D0F-5BF1-49C4-BB2B-8D7991394F8F}.Release|iPhone.Build.0 = Release|Any CPU
		{90769D0F-5BF1-49C4-BB2B-8D7991394F8F}.Release|iPhone.Deploy.0 = Release|Any CPU
		{90769D0F-5BF1-49C4-BB2B-8D7991394F8F}.Release|iPhoneSimulator.ActiveCfg = Release|Any CPU
		{90769D0F-5BF1-49C4-BB2B-8D7991394F8F}.Release|iPhoneSimulator.Build.0 = Release|Any CPU
		{90769D0F-5BF1-49C4-BB2B-8D7991394F8F}.Release|iPhoneSimulator.Deploy.0 = Release|Any CPU
		{90769D0F-5BF1-49C4-BB2B-8D7991394F8F}.Release|x64.ActiveCfg = Release|Any CPU
		{90769D0F-5BF1-49C4-BB2B-8D7991394F8F}.Release|x64.Build.0 = Release|Any CPU
		{90769D0F-5BF1-49C4-BB2B-8D7991394F8F}.Release|x64.Deploy.0 = Release|Any CPU
		{90769D0F-5BF1-49C4-BB2B-8D7991394F8F}.Release|x86.ActiveCfg = Release|x86
		{90769D0F-5BF1-49C4-BB2B-8D7991394F8F}.Release|x86.Build.0 = Release|x86
		{90769D0F-5BF1-49C4-BB2B-8D7991394F8F}.Release|x86.Deploy.0 = Release|x86
		{9C0B4204-0089-4A17-882C-3D02565F5136}.Ad-Hoc|Any CPU.ActiveCfg = Release|x86
		{9C0B4204-0089-4A17-882C-3D02565F5136}.Ad-Hoc|Any CPU.Build.0 = Release|x86
		{9C0B4204-0089-4A17-882C-3D02565F5136}.Ad-Hoc|Any CPU.Deploy.0 = Release|x86
		{9C0B4204-0089-4A17-882C-3D02565F5136}.Ad-Hoc|ARM.ActiveCfg = Release|ARM
		{9C0B4204-0089-4A17-882C-3D02565F5136}.Ad-Hoc|ARM.Build.0 = Release|ARM
		{9C0B4204-0089-4A17-882C-3D02565F5136}.Ad-Hoc|ARM.Deploy.0 = Release|ARM
		{9C0B4204-0089-4A17-882C-3D02565F5136}.Ad-Hoc|iPhone.ActiveCfg = Release|x86
		{9C0B4204-0089-4A17-882C-3D02565F5136}.Ad-Hoc|iPhone.Build.0 = Release|x86
		{9C0B4204-0089-4A17-882C-3D02565F5136}.Ad-Hoc|iPhone.Deploy.0 = Release|x86
		{9C0B4204-0089-4A17-882C-3D02565F5136}.Ad-Hoc|iPhoneSimulator.ActiveCfg = Release|x86
		{9C0B4204-0089-4A17-882C-3D02565F5136}.Ad-Hoc|iPhoneSimulator.Build.0 = Release|x86
		{9C0B4204-0089-4A17-882C-3D02565F5136}.Ad-Hoc|iPhoneSimulator.Deploy.0 = Release|x86
		{9C0B4204-0089-4A17-882C-3D02565F5136}.Ad-Hoc|x64.ActiveCfg = Release|x64
		{9C0B4204-0089-4A17-882C-3D02565F5136}.Ad-Hoc|x64.Build.0 = Release|x64
		{9C0B4204-0089-4A17-882C-3D02565F5136}.Ad-Hoc|x64.Deploy.0 = Release|x64
		{9C0B4204-0089-4A17-882C-3D02565F5136}.Ad-Hoc|x86.ActiveCfg = Release|x86
		{9C0B4204-0089-4A17-882C-3D02565F5136}.Ad-Hoc|x86.Build.0 = Release|x86
		{9C0B4204-0089-4A17-882C-3D02565F5136}.Ad-Hoc|x86.Deploy.0 = Release|x86
		{9C0B4204-0089-4A17-882C-3D02565F5136}.AppStore|Any CPU.ActiveCfg = Release|x86
		{9C0B4204-0089-4A17-882C-3D02565F5136}.AppStore|Any CPU.Build.0 = Release|x86
		{9C0B4204-0089-4A17-882C-3D02565F5136}.AppStore|Any CPU.Deploy.0 = Release|x86
		{9C0B4204-0089-4A17-882C-3D02565F5136}.AppStore|ARM.ActiveCfg = Release|ARM
		{9C0B4204-0089-4A17-882C-3D02565F5136}.AppStore|ARM.Build.0 = Release|ARM
		{9C0B4204-0089-4A17-882C-3D02565F5136}.AppStore|ARM.Deploy.0 = Release|ARM
		{9C0B4204-0089-4A17-882C-3D02565F5136}.AppStore|iPhone.ActiveCfg = Release|x86
		{9C0B4204-0089-4A17-882C-3D02565F5136}.AppStore|iPhone.Build.0 = Release|x86
		{9C0B4204-0089-4A17-882C-3D02565F5136}.AppStore|iPhone.Deploy.0 = Release|x86
		{9C0B4204-0089-4A17-882C-3D02565F5136}.AppStore|iPhoneSimulator.ActiveCfg = Release|x86
		{9C0B4204-0089-4A17-882C-3D02565F5136}.AppStore|iPhoneSimulator.Build.0 = Release|x86
		{9C0B4204-0089-4A17-882C-3D02565F5136}.AppStore|iPhoneSimulator.Deploy.0 = Release|x86
		{9C0B4204-0089-4A17-882C-3D02565F5136}.AppStore|x64.ActiveCfg = Release|x64
		{9C0B4204-0089-4A17-882C-3D02565F5136}.AppStore|x64.Build.0 = Release|x64
		{9C0B4204-0089-4A17-882C-3D02565F5136}.AppStore|x64.Deploy.0 = Release|x64
		{9C0B4204-0089-4A17-882C-3D02565F5136}.AppStore|x86.ActiveCfg = Release|x86
		{9C0B4204-0089-4A17-882C-3D02565F5136}.AppStore|x86.Build.0 = Release|x86
		{9C0B4204-0089-4A17-882C-3D02565F5136}.AppStore|x86.Deploy.0 = Release|x86
		{9C0B4204-0089-4A17-882C-3D02565F5136}.Debug|Any CPU.ActiveCfg = Debug|x86
		{9C0B4204-0089-4A17-882C-3D02565F5136}.Debug|ARM.ActiveCfg = Debug|ARM
		{9C0B4204-0089-4A17-882C-3D02565F5136}.Debug|ARM.Build.0 = Debug|ARM
		{9C0B4204-0089-4A17-882C-3D02565F5136}.Debug|ARM.Deploy.0 = Debug|ARM
		{9C0B4204-0089-4A17-882C-3D02565F5136}.Debug|iPhone.ActiveCfg = Debug|x86
		{9C0B4204-0089-4A17-882C-3D02565F5136}.Debug|iPhoneSimulator.ActiveCfg = Debug|x86
		{9C0B4204-0089-4A17-882C-3D02565F5136}.Debug|x64.ActiveCfg = Debug|x64
		{9C0B4204-0089-4A17-882C-3D02565F5136}.Debug|x64.Build.0 = Debug|x64
		{9C0B4204-0089-4A17-882C-3D02565F5136}.Debug|x64.Deploy.0 = Debug|x64
		{9C0B4204-0089-4A17-882C-3D02565F5136}.Debug|x86.ActiveCfg = Debug|x86
		{9C0B4204-0089-4A17-882C-3D02565F5136}.Debug|x86.Build.0 = Debug|x86
		{9C0B4204-0089-4A17-882C-3D02565F5136}.Debug|x86.Deploy.0 = Debug|x86
		{9C0B4204-0089-4A17-882C-3D02565F5136}.Release|Any CPU.ActiveCfg = Release|x86
		{9C0B4204-0089-4A17-882C-3D02565F5136}.Release|ARM.ActiveCfg = Release|ARM
		{9C0B4204-0089-4A17-882C-3D02565F5136}.Release|ARM.Build.0 = Release|ARM
		{9C0B4204-0089-4A17-882C-3D02565F5136}.Release|ARM.Deploy.0 = Release|ARM
		{9C0B4204-0089-4A17-882C-3D02565F5136}.Release|iPhone.ActiveCfg = Release|x86
		{9C0B4204-0089-4A17-882C-3D02565F5136}.Release|iPhoneSimulator.ActiveCfg = Release|x86
		{9C0B4204-0089-4A17-882C-3D02565F5136}.Release|x64.ActiveCfg = Release|x64
		{9C0B4204-0089-4A17-882C-3D02565F5136}.Release|x64.Build.0 = Release|x64
		{9C0B4204-0089-4A17-882C-3D02565F5136}.Release|x64.Deploy.0 = Release|x64
		{9C0B4204-0089-4A17-882C-3D02565F5136}.Release|x86.ActiveCfg = Release|x86
		{9C0B4204-0089-4A17-882C-3D02565F5136}.Release|x86.Build.0 = Release|x86
		{9C0B4204-0089-4A17-882C-3D02565F5136}.Release|x86.Deploy.0 = Release|x86
		{94EE6936-3166-4D49-B7EE-0D9C7CAFC0E3}.Ad-Hoc|Any CPU.ActiveCfg = Release|Any CPU
		{94EE6936-3166-4D49-B7EE-0D9C7CAFC0E3}.Ad-Hoc|Any CPU.Build.0 = Release|Any CPU
		{94EE6936-3166-4D49-B7EE-0D9C7CAFC0E3}.Ad-Hoc|Any CPU.Deploy.0 = Release|Any CPU
		{94EE6936-3166-4D49-B7EE-0D9C7CAFC0E3}.Ad-Hoc|ARM.ActiveCfg = Release|ARM
		{94EE6936-3166-4D49-B7EE-0D9C7CAFC0E3}.Ad-Hoc|ARM.Build.0 = Release|ARM
		{94EE6936-3166-4D49-B7EE-0D9C7CAFC0E3}.Ad-Hoc|ARM.Deploy.0 = Release|ARM
		{94EE6936-3166-4D49-B7EE-0D9C7CAFC0E3}.Ad-Hoc|iPhone.ActiveCfg = Release|Any CPU
		{94EE6936-3166-4D49-B7EE-0D9C7CAFC0E3}.Ad-Hoc|iPhone.Build.0 = Release|Any CPU
		{94EE6936-3166-4D49-B7EE-0D9C7CAFC0E3}.Ad-Hoc|iPhone.Deploy.0 = Release|Any CPU
		{94EE6936-3166-4D49-B7EE-0D9C7CAFC0E3}.Ad-Hoc|iPhoneSimulator.ActiveCfg = Release|Any CPU
		{94EE6936-3166-4D49-B7EE-0D9C7CAFC0E3}.Ad-Hoc|iPhoneSimulator.Build.0 = Release|Any CPU
		{94EE6936-3166-4D49-B7EE-0D9C7CAFC0E3}.Ad-Hoc|iPhoneSimulator.Deploy.0 = Release|Any CPU
		{94EE6936-3166-4D49-B7EE-0D9C7CAFC0E3}.Ad-Hoc|x64.ActiveCfg = Release|x64
		{94EE6936-3166-4D49-B7EE-0D9C7CAFC0E3}.Ad-Hoc|x64.Build.0 = Release|x64
		{94EE6936-3166-4D49-B7EE-0D9C7CAFC0E3}.Ad-Hoc|x64.Deploy.0 = Release|x64
		{94EE6936-3166-4D49-B7EE-0D9C7CAFC0E3}.Ad-Hoc|x86.ActiveCfg = Release|x86
		{94EE6936-3166-4D49-B7EE-0D9C7CAFC0E3}.Ad-Hoc|x86.Build.0 = Release|x86
		{94EE6936-3166-4D49-B7EE-0D9C7CAFC0E3}.Ad-Hoc|x86.Deploy.0 = Release|x86
		{94EE6936-3166-4D49-B7EE-0D9C7CAFC0E3}.AppStore|Any CPU.ActiveCfg = Release|Any CPU
		{94EE6936-3166-4D49-B7EE-0D9C7CAFC0E3}.AppStore|Any CPU.Build.0 = Release|Any CPU
		{94EE6936-3166-4D49-B7EE-0D9C7CAFC0E3}.AppStore|Any CPU.Deploy.0 = Release|Any CPU
		{94EE6936-3166-4D49-B7EE-0D9C7CAFC0E3}.AppStore|ARM.ActiveCfg = Release|ARM
		{94EE6936-3166-4D49-B7EE-0D9C7CAFC0E3}.AppStore|ARM.Build.0 = Release|ARM
		{94EE6936-3166-4D49-B7EE-0D9C7CAFC0E3}.AppStore|ARM.Deploy.0 = Release|ARM
		{94EE6936-3166-4D49-B7EE-0D9C7CAFC0E3}.AppStore|iPhone.ActiveCfg = Release|Any CPU
		{94EE6936-3166-4D49-B7EE-0D9C7CAFC0E3}.AppStore|iPhone.Build.0 = Release|Any CPU
		{94EE6936-3166-4D49-B7EE-0D9C7CAFC0E3}.AppStore|iPhone.Deploy.0 = Release|Any CPU
		{94EE6936-3166-4D49-B7EE-0D9C7CAFC0E3}.AppStore|iPhoneSimulator.ActiveCfg = Release|Any CPU
		{94EE6936-3166-4D49-B7EE-0D9C7CAFC0E3}.AppStore|iPhoneSimulator.Build.0 = Release|Any CPU
		{94EE6936-3166-4D49-B7EE-0D9C7CAFC0E3}.AppStore|iPhoneSimulator.Deploy.0 = Release|Any CPU
		{94EE6936-3166-4D49-B7EE-0D9C7CAFC0E3}.AppStore|x64.ActiveCfg = Release|x64
		{94EE6936-3166-4D49-B7EE-0D9C7CAFC0E3}.AppStore|x64.Build.0 = Release|x64
		{94EE6936-3166-4D49-B7EE-0D9C7CAFC0E3}.AppStore|x64.Deploy.0 = Release|x64
		{94EE6936-3166-4D49-B7EE-0D9C7CAFC0E3}.AppStore|x86.ActiveCfg = Release|x86
		{94EE6936-3166-4D49-B7EE-0D9C7CAFC0E3}.AppStore|x86.Build.0 = Release|x86
		{94EE6936-3166-4D49-B7EE-0D9C7CAFC0E3}.AppStore|x86.Deploy.0 = Release|x86
		{94EE6936-3166-4D49-B7EE-0D9C7CAFC0E3}.Debug|Any CPU.ActiveCfg = Debug|Any CPU
		{94EE6936-3166-4D49-B7EE-0D9C7CAFC0E3}.Debug|Any CPU.Build.0 = Debug|Any CPU
		{94EE6936-3166-4D49-B7EE-0D9C7CAFC0E3}.Debug|Any CPU.Deploy.0 = Debug|Any CPU
		{94EE6936-3166-4D49-B7EE-0D9C7CAFC0E3}.Debug|ARM.ActiveCfg = Debug|ARM
		{94EE6936-3166-4D49-B7EE-0D9C7CAFC0E3}.Debug|ARM.Build.0 = Debug|ARM
		{94EE6936-3166-4D49-B7EE-0D9C7CAFC0E3}.Debug|ARM.Deploy.0 = Debug|ARM
		{94EE6936-3166-4D49-B7EE-0D9C7CAFC0E3}.Debug|iPhone.ActiveCfg = Debug|Any CPU
		{94EE6936-3166-4D49-B7EE-0D9C7CAFC0E3}.Debug|iPhone.Build.0 = Debug|Any CPU
		{94EE6936-3166-4D49-B7EE-0D9C7CAFC0E3}.Debug|iPhone.Deploy.0 = Debug|Any CPU
		{94EE6936-3166-4D49-B7EE-0D9C7CAFC0E3}.Debug|iPhoneSimulator.ActiveCfg = Debug|Any CPU
		{94EE6936-3166-4D49-B7EE-0D9C7CAFC0E3}.Debug|iPhoneSimulator.Build.0 = Debug|Any CPU
		{94EE6936-3166-4D49-B7EE-0D9C7CAFC0E3}.Debug|iPhoneSimulator.Deploy.0 = Debug|Any CPU
		{94EE6936-3166-4D49-B7EE-0D9C7CAFC0E3}.Debug|x64.ActiveCfg = Debug|x64
		{94EE6936-3166-4D49-B7EE-0D9C7CAFC0E3}.Debug|x64.Build.0 = Debug|x64
		{94EE6936-3166-4D49-B7EE-0D9C7CAFC0E3}.Debug|x64.Deploy.0 = Debug|x64
		{94EE6936-3166-4D49-B7EE-0D9C7CAFC0E3}.Debug|x86.ActiveCfg = Debug|x86
		{94EE6936-3166-4D49-B7EE-0D9C7CAFC0E3}.Debug|x86.Build.0 = Debug|x86
		{94EE6936-3166-4D49-B7EE-0D9C7CAFC0E3}.Debug|x86.Deploy.0 = Debug|x86
		{94EE6936-3166-4D49-B7EE-0D9C7CAFC0E3}.Release|Any CPU.ActiveCfg = Release|Any CPU
		{94EE6936-3166-4D49-B7EE-0D9C7CAFC0E3}.Release|Any CPU.Build.0 = Release|Any CPU
		{94EE6936-3166-4D49-B7EE-0D9C7CAFC0E3}.Release|Any CPU.Deploy.0 = Release|Any CPU
		{94EE6936-3166-4D49-B7EE-0D9C7CAFC0E3}.Release|ARM.ActiveCfg = Release|ARM
		{94EE6936-3166-4D49-B7EE-0D9C7CAFC0E3}.Release|ARM.Build.0 = Release|ARM
		{94EE6936-3166-4D49-B7EE-0D9C7CAFC0E3}.Release|ARM.Deploy.0 = Release|ARM
		{94EE6936-3166-4D49-B7EE-0D9C7CAFC0E3}.Release|iPhone.ActiveCfg = Release|Any CPU
		{94EE6936-3166-4D49-B7EE-0D9C7CAFC0E3}.Release|iPhone.Build.0 = Release|Any CPU
		{94EE6936-3166-4D49-B7EE-0D9C7CAFC0E3}.Release|iPhone.Deploy.0 = Release|Any CPU
		{94EE6936-3166-4D49-B7EE-0D9C7CAFC0E3}.Release|iPhoneSimulator.ActiveCfg = Release|Any CPU
		{94EE6936-3166-4D49-B7EE-0D9C7CAFC0E3}.Release|iPhoneSimulator.Build.0 = Release|Any CPU
		{94EE6936-3166-4D49-B7EE-0D9C7CAFC0E3}.Release|iPhoneSimulator.Deploy.0 = Release|Any CPU
		{94EE6936-3166-4D49-B7EE-0D9C7CAFC0E3}.Release|x64.ActiveCfg = Release|x64
		{94EE6936-3166-4D49-B7EE-0D9C7CAFC0E3}.Release|x64.Build.0 = Release|x64
		{94EE6936-3166-4D49-B7EE-0D9C7CAFC0E3}.Release|x64.Deploy.0 = Release|x64
		{94EE6936-3166-4D49-B7EE-0D9C7CAFC0E3}.Release|x86.ActiveCfg = Release|x86
		{94EE6936-3166-4D49-B7EE-0D9C7CAFC0E3}.Release|x86.Build.0 = Release|x86
		{94EE6936-3166-4D49-B7EE-0D9C7CAFC0E3}.Release|x86.Deploy.0 = Release|x86
		{09952504-DD43-4230-936B-914ACD560926}.Ad-Hoc|Any CPU.ActiveCfg = Release|Any CPU
		{09952504-DD43-4230-936B-914ACD560926}.Ad-Hoc|Any CPU.Build.0 = Release|Any CPU
		{09952504-DD43-4230-936B-914ACD560926}.Ad-Hoc|ARM.ActiveCfg = Release|Any CPU
		{09952504-DD43-4230-936B-914ACD560926}.Ad-Hoc|ARM.Build.0 = Release|Any CPU
		{09952504-DD43-4230-936B-914ACD560926}.Ad-Hoc|iPhone.ActiveCfg = Release|Any CPU
		{09952504-DD43-4230-936B-914ACD560926}.Ad-Hoc|iPhone.Build.0 = Release|Any CPU
		{09952504-DD43-4230-936B-914ACD560926}.Ad-Hoc|iPhoneSimulator.ActiveCfg = Release|Any CPU
		{09952504-DD43-4230-936B-914ACD560926}.Ad-Hoc|iPhoneSimulator.Build.0 = Release|Any CPU
		{09952504-DD43-4230-936B-914ACD560926}.Ad-Hoc|x64.ActiveCfg = Release|Any CPU
		{09952504-DD43-4230-936B-914ACD560926}.Ad-Hoc|x64.Build.0 = Release|Any CPU
		{09952504-DD43-4230-936B-914ACD560926}.Ad-Hoc|x86.ActiveCfg = Release|Any CPU
		{09952504-DD43-4230-936B-914ACD560926}.Ad-Hoc|x86.Build.0 = Release|Any CPU
		{09952504-DD43-4230-936B-914ACD560926}.AppStore|Any CPU.ActiveCfg = Release|Any CPU
		{09952504-DD43-4230-936B-914ACD560926}.AppStore|Any CPU.Build.0 = Release|Any CPU
		{09952504-DD43-4230-936B-914ACD560926}.AppStore|ARM.ActiveCfg = Release|Any CPU
		{09952504-DD43-4230-936B-914ACD560926}.AppStore|ARM.Build.0 = Release|Any CPU
		{09952504-DD43-4230-936B-914ACD560926}.AppStore|iPhone.ActiveCfg = Release|Any CPU
		{09952504-DD43-4230-936B-914ACD560926}.AppStore|iPhone.Build.0 = Release|Any CPU
		{09952504-DD43-4230-936B-914ACD560926}.AppStore|iPhoneSimulator.ActiveCfg = Release|Any CPU
		{09952504-DD43-4230-936B-914ACD560926}.AppStore|iPhoneSimulator.Build.0 = Release|Any CPU
		{09952504-DD43-4230-936B-914ACD560926}.AppStore|x64.ActiveCfg = Release|Any CPU
		{09952504-DD43-4230-936B-914ACD560926}.AppStore|x64.Build.0 = Release|Any CPU
		{09952504-DD43-4230-936B-914ACD560926}.AppStore|x86.ActiveCfg = Release|Any CPU
		{09952504-DD43-4230-936B-914ACD560926}.AppStore|x86.Build.0 = Release|Any CPU
		{09952504-DD43-4230-936B-914ACD560926}.Debug|Any CPU.ActiveCfg = Debug|Any CPU
		{09952504-DD43-4230-936B-914ACD560926}.Debug|Any CPU.Build.0 = Debug|Any CPU
		{09952504-DD43-4230-936B-914ACD560926}.Debug|ARM.ActiveCfg = Debug|Any CPU
		{09952504-DD43-4230-936B-914ACD560926}.Debug|ARM.Build.0 = Debug|Any CPU
		{09952504-DD43-4230-936B-914ACD560926}.Debug|iPhone.ActiveCfg = Debug|Any CPU
		{09952504-DD43-4230-936B-914ACD560926}.Debug|iPhone.Build.0 = Debug|Any CPU
		{09952504-DD43-4230-936B-914ACD560926}.Debug|iPhoneSimulator.ActiveCfg = Debug|Any CPU
		{09952504-DD43-4230-936B-914ACD560926}.Debug|iPhoneSimulator.Build.0 = Debug|Any CPU
		{09952504-DD43-4230-936B-914ACD560926}.Debug|x64.ActiveCfg = Debug|Any CPU
		{09952504-DD43-4230-936B-914ACD560926}.Debug|x64.Build.0 = Debug|Any CPU
		{09952504-DD43-4230-936B-914ACD560926}.Debug|x86.ActiveCfg = Debug|Any CPU
		{09952504-DD43-4230-936B-914ACD560926}.Debug|x86.Build.0 = Debug|Any CPU
		{09952504-DD43-4230-936B-914ACD560926}.Release|Any CPU.ActiveCfg = Release|Any CPU
		{09952504-DD43-4230-936B-914ACD560926}.Release|Any CPU.Build.0 = Release|Any CPU
		{09952504-DD43-4230-936B-914ACD560926}.Release|ARM.ActiveCfg = Release|Any CPU
		{09952504-DD43-4230-936B-914ACD560926}.Release|ARM.Build.0 = Release|Any CPU
		{09952504-DD43-4230-936B-914ACD560926}.Release|iPhone.ActiveCfg = Release|Any CPU
		{09952504-DD43-4230-936B-914ACD560926}.Release|iPhone.Build.0 = Release|Any CPU
		{09952504-DD43-4230-936B-914ACD560926}.Release|iPhoneSimulator.ActiveCfg = Release|Any CPU
		{09952504-DD43-4230-936B-914ACD560926}.Release|iPhoneSimulator.Build.0 = Release|Any CPU
		{09952504-DD43-4230-936B-914ACD560926}.Release|x64.ActiveCfg = Release|Any CPU
		{09952504-DD43-4230-936B-914ACD560926}.Release|x64.Build.0 = Release|Any CPU
		{09952504-DD43-4230-936B-914ACD560926}.Release|x86.ActiveCfg = Release|Any CPU
		{09952504-DD43-4230-936B-914ACD560926}.Release|x86.Build.0 = Release|Any CPU
		{8E15A6EC-1600-4107-BB97-9726946BCFA4}.Ad-Hoc|Any CPU.ActiveCfg = Release|Any CPU
		{8E15A6EC-1600-4107-BB97-9726946BCFA4}.Ad-Hoc|Any CPU.Build.0 = Release|Any CPU
		{8E15A6EC-1600-4107-BB97-9726946BCFA4}.Ad-Hoc|ARM.ActiveCfg = Release|Any CPU
		{8E15A6EC-1600-4107-BB97-9726946BCFA4}.Ad-Hoc|ARM.Build.0 = Release|Any CPU
		{8E15A6EC-1600-4107-BB97-9726946BCFA4}.Ad-Hoc|iPhone.ActiveCfg = Release|Any CPU
		{8E15A6EC-1600-4107-BB97-9726946BCFA4}.Ad-Hoc|iPhone.Build.0 = Release|Any CPU
		{8E15A6EC-1600-4107-BB97-9726946BCFA4}.Ad-Hoc|iPhoneSimulator.ActiveCfg = Release|Any CPU
		{8E15A6EC-1600-4107-BB97-9726946BCFA4}.Ad-Hoc|iPhoneSimulator.Build.0 = Release|Any CPU
		{8E15A6EC-1600-4107-BB97-9726946BCFA4}.Ad-Hoc|x64.ActiveCfg = Release|Any CPU
		{8E15A6EC-1600-4107-BB97-9726946BCFA4}.Ad-Hoc|x64.Build.0 = Release|Any CPU
		{8E15A6EC-1600-4107-BB97-9726946BCFA4}.Ad-Hoc|x86.ActiveCfg = Release|Any CPU
		{8E15A6EC-1600-4107-BB97-9726946BCFA4}.Ad-Hoc|x86.Build.0 = Release|Any CPU
		{8E15A6EC-1600-4107-BB97-9726946BCFA4}.AppStore|Any CPU.ActiveCfg = Release|Any CPU
		{8E15A6EC-1600-4107-BB97-9726946BCFA4}.AppStore|Any CPU.Build.0 = Release|Any CPU
		{8E15A6EC-1600-4107-BB97-9726946BCFA4}.AppStore|ARM.ActiveCfg = Release|Any CPU
		{8E15A6EC-1600-4107-BB97-9726946BCFA4}.AppStore|ARM.Build.0 = Release|Any CPU
		{8E15A6EC-1600-4107-BB97-9726946BCFA4}.AppStore|iPhone.ActiveCfg = Release|Any CPU
		{8E15A6EC-1600-4107-BB97-9726946BCFA4}.AppStore|iPhone.Build.0 = Release|Any CPU
		{8E15A6EC-1600-4107-BB97-9726946BCFA4}.AppStore|iPhoneSimulator.ActiveCfg = Release|Any CPU
		{8E15A6EC-1600-4107-BB97-9726946BCFA4}.AppStore|iPhoneSimulator.Build.0 = Release|Any CPU
		{8E15A6EC-1600-4107-BB97-9726946BCFA4}.AppStore|x64.ActiveCfg = Release|Any CPU
		{8E15A6EC-1600-4107-BB97-9726946BCFA4}.AppStore|x64.Build.0 = Release|Any CPU
		{8E15A6EC-1600-4107-BB97-9726946BCFA4}.AppStore|x86.ActiveCfg = Release|Any CPU
		{8E15A6EC-1600-4107-BB97-9726946BCFA4}.AppStore|x86.Build.0 = Release|Any CPU
		{8E15A6EC-1600-4107-BB97-9726946BCFA4}.Debug|Any CPU.ActiveCfg = Debug|Any CPU
		{8E15A6EC-1600-4107-BB97-9726946BCFA4}.Debug|Any CPU.Build.0 = Debug|Any CPU
		{8E15A6EC-1600-4107-BB97-9726946BCFA4}.Debug|ARM.ActiveCfg = Debug|Any CPU
		{8E15A6EC-1600-4107-BB97-9726946BCFA4}.Debug|ARM.Build.0 = Debug|Any CPU
		{8E15A6EC-1600-4107-BB97-9726946BCFA4}.Debug|iPhone.ActiveCfg = Debug|Any CPU
		{8E15A6EC-1600-4107-BB97-9726946BCFA4}.Debug|iPhone.Build.0 = Debug|Any CPU
		{8E15A6EC-1600-4107-BB97-9726946BCFA4}.Debug|iPhoneSimulator.ActiveCfg = Debug|Any CPU
		{8E15A6EC-1600-4107-BB97-9726946BCFA4}.Debug|iPhoneSimulator.Build.0 = Debug|Any CPU
		{8E15A6EC-1600-4107-BB97-9726946BCFA4}.Debug|x64.ActiveCfg = Debug|Any CPU
		{8E15A6EC-1600-4107-BB97-9726946BCFA4}.Debug|x64.Build.0 = Debug|Any CPU
		{8E15A6EC-1600-4107-BB97-9726946BCFA4}.Debug|x86.ActiveCfg = Debug|Any CPU
		{8E15A6EC-1600-4107-BB97-9726946BCFA4}.Debug|x86.Build.0 = Debug|Any CPU
		{8E15A6EC-1600-4107-BB97-9726946BCFA4}.Release|Any CPU.ActiveCfg = Release|Any CPU
		{8E15A6EC-1600-4107-BB97-9726946BCFA4}.Release|Any CPU.Build.0 = Release|Any CPU
		{8E15A6EC-1600-4107-BB97-9726946BCFA4}.Release|ARM.ActiveCfg = Release|Any CPU
		{8E15A6EC-1600-4107-BB97-9726946BCFA4}.Release|ARM.Build.0 = Release|Any CPU
		{8E15A6EC-1600-4107-BB97-9726946BCFA4}.Release|iPhone.ActiveCfg = Release|Any CPU
		{8E15A6EC-1600-4107-BB97-9726946BCFA4}.Release|iPhone.Build.0 = Release|Any CPU
		{8E15A6EC-1600-4107-BB97-9726946BCFA4}.Release|iPhoneSimulator.ActiveCfg = Release|Any CPU
		{8E15A6EC-1600-4107-BB97-9726946BCFA4}.Release|iPhoneSimulator.Build.0 = Release|Any CPU
		{8E15A6EC-1600-4107-BB97-9726946BCFA4}.Release|x64.ActiveCfg = Release|Any CPU
		{8E15A6EC-1600-4107-BB97-9726946BCFA4}.Release|x64.Build.0 = Release|Any CPU
		{8E15A6EC-1600-4107-BB97-9726946BCFA4}.Release|x86.ActiveCfg = Release|Any CPU
		{8E15A6EC-1600-4107-BB97-9726946BCFA4}.Release|x86.Build.0 = Release|Any CPU
		{EE3BA437-D4C0-4147-8508-BF559545732E}.Ad-Hoc|Any CPU.ActiveCfg = Release|Any CPU
		{EE3BA437-D4C0-4147-8508-BF559545732E}.Ad-Hoc|Any CPU.Build.0 = Release|Any CPU
		{EE3BA437-D4C0-4147-8508-BF559545732E}.Ad-Hoc|ARM.ActiveCfg = Release|Any CPU
		{EE3BA437-D4C0-4147-8508-BF559545732E}.Ad-Hoc|ARM.Build.0 = Release|Any CPU
		{EE3BA437-D4C0-4147-8508-BF559545732E}.Ad-Hoc|iPhone.ActiveCfg = Release|Any CPU
		{EE3BA437-D4C0-4147-8508-BF559545732E}.Ad-Hoc|iPhone.Build.0 = Release|Any CPU
		{EE3BA437-D4C0-4147-8508-BF559545732E}.Ad-Hoc|iPhoneSimulator.ActiveCfg = Release|Any CPU
		{EE3BA437-D4C0-4147-8508-BF559545732E}.Ad-Hoc|iPhoneSimulator.Build.0 = Release|Any CPU
		{EE3BA437-D4C0-4147-8508-BF559545732E}.Ad-Hoc|x64.ActiveCfg = Release|Any CPU
		{EE3BA437-D4C0-4147-8508-BF559545732E}.Ad-Hoc|x64.Build.0 = Release|Any CPU
		{EE3BA437-D4C0-4147-8508-BF559545732E}.Ad-Hoc|x86.ActiveCfg = Release|Any CPU
		{EE3BA437-D4C0-4147-8508-BF559545732E}.Ad-Hoc|x86.Build.0 = Release|Any CPU
		{EE3BA437-D4C0-4147-8508-BF559545732E}.AppStore|Any CPU.ActiveCfg = Release|Any CPU
		{EE3BA437-D4C0-4147-8508-BF559545732E}.AppStore|Any CPU.Build.0 = Release|Any CPU
		{EE3BA437-D4C0-4147-8508-BF559545732E}.AppStore|ARM.ActiveCfg = Release|Any CPU
		{EE3BA437-D4C0-4147-8508-BF559545732E}.AppStore|ARM.Build.0 = Release|Any CPU
		{EE3BA437-D4C0-4147-8508-BF559545732E}.AppStore|iPhone.ActiveCfg = Release|Any CPU
		{EE3BA437-D4C0-4147-8508-BF559545732E}.AppStore|iPhone.Build.0 = Release|Any CPU
		{EE3BA437-D4C0-4147-8508-BF559545732E}.AppStore|iPhoneSimulator.ActiveCfg = Release|Any CPU
		{EE3BA437-D4C0-4147-8508-BF559545732E}.AppStore|iPhoneSimulator.Build.0 = Release|Any CPU
		{EE3BA437-D4C0-4147-8508-BF559545732E}.AppStore|x64.ActiveCfg = Release|Any CPU
		{EE3BA437-D4C0-4147-8508-BF559545732E}.AppStore|x64.Build.0 = Release|Any CPU
		{EE3BA437-D4C0-4147-8508-BF559545732E}.AppStore|x86.ActiveCfg = Release|Any CPU
		{EE3BA437-D4C0-4147-8508-BF559545732E}.AppStore|x86.Build.0 = Release|Any CPU
		{EE3BA437-D4C0-4147-8508-BF559545732E}.Debug|Any CPU.ActiveCfg = Debug|Any CPU
		{EE3BA437-D4C0-4147-8508-BF559545732E}.Debug|Any CPU.Build.0 = Debug|Any CPU
		{EE3BA437-D4C0-4147-8508-BF559545732E}.Debug|ARM.ActiveCfg = Debug|Any CPU
		{EE3BA437-D4C0-4147-8508-BF559545732E}.Debug|ARM.Build.0 = Debug|Any CPU
		{EE3BA437-D4C0-4147-8508-BF559545732E}.Debug|iPhone.ActiveCfg = Debug|Any CPU
		{EE3BA437-D4C0-4147-8508-BF559545732E}.Debug|iPhone.Build.0 = Debug|Any CPU
		{EE3BA437-D4C0-4147-8508-BF559545732E}.Debug|iPhoneSimulator.ActiveCfg = Debug|Any CPU
		{EE3BA437-D4C0-4147-8508-BF559545732E}.Debug|iPhoneSimulator.Build.0 = Debug|Any CPU
		{EE3BA437-D4C0-4147-8508-BF559545732E}.Debug|x64.ActiveCfg = Debug|Any CPU
		{EE3BA437-D4C0-4147-8508-BF559545732E}.Debug|x64.Build.0 = Debug|Any CPU
		{EE3BA437-D4C0-4147-8508-BF559545732E}.Debug|x86.ActiveCfg = Debug|Any CPU
		{EE3BA437-D4C0-4147-8508-BF559545732E}.Debug|x86.Build.0 = Debug|Any CPU
		{EE3BA437-D4C0-4147-8508-BF559545732E}.Release|Any CPU.ActiveCfg = Release|Any CPU
		{EE3BA437-D4C0-4147-8508-BF559545732E}.Release|Any CPU.Build.0 = Release|Any CPU
		{EE3BA437-D4C0-4147-8508-BF559545732E}.Release|ARM.ActiveCfg = Release|Any CPU
		{EE3BA437-D4C0-4147-8508-BF559545732E}.Release|ARM.Build.0 = Release|Any CPU
		{EE3BA437-D4C0-4147-8508-BF559545732E}.Release|iPhone.ActiveCfg = Release|Any CPU
		{EE3BA437-D4C0-4147-8508-BF559545732E}.Release|iPhone.Build.0 = Release|Any CPU
		{EE3BA437-D4C0-4147-8508-BF559545732E}.Release|iPhoneSimulator.ActiveCfg = Release|Any CPU
		{EE3BA437-D4C0-4147-8508-BF559545732E}.Release|iPhoneSimulator.Build.0 = Release|Any CPU
		{EE3BA437-D4C0-4147-8508-BF559545732E}.Release|x64.ActiveCfg = Release|Any CPU
		{EE3BA437-D4C0-4147-8508-BF559545732E}.Release|x64.Build.0 = Release|Any CPU
		{EE3BA437-D4C0-4147-8508-BF559545732E}.Release|x86.ActiveCfg = Release|Any CPU
		{EE3BA437-D4C0-4147-8508-BF559545732E}.Release|x86.Build.0 = Release|Any CPU
	EndGlobalSection
	GlobalSection(SolutionProperties) = preSolution
		HideSolutionNode = FALSE
	EndGlobalSection
EndGlobal
